
Microsoft Visual Studio Solution File, Format Version 12.00
# Visual Studio 15
VisualStudioVersion = 15.0.28307.271
MinimumVisualStudioVersion = 10.0.40219.1
Project("{FAE04EC0-301F-11D3-BF4B-00C04F79EFBC}") = "CodilityLessons", "CodilityLessons\CodilityLessons.csproj", "{EB5B8170-E7CE-47EF-AB4C-8FFC244AB911}"
EndProject
Global
	GlobalSection(SolutionConfigurationPlatforms) = preSolution
		Debug|Any CPU = Debug|Any CPU
		Release|Any CPU = Release|Any CPU
	EndGlobalSection
	GlobalSection(ProjectConfigurationPlatforms) = postSolution
		{EB5B8170-E7CE-47EF-AB4C-8FFC244AB911}.Debug|Any CPU.ActiveCfg = Debug|Any CPU
		{EB5B8170-E7CE-47EF-AB4C-8FFC244AB911}.Debug|Any CPU.Build.0 = Debug|Any CPU
		{EB5B8170-E7CE-47EF-AB4C-8FFC244AB911}.Release|Any CPU.ActiveCfg = Release|Any CPU
		{EB5B8170-E7CE-47EF-AB4C-8FFC244AB911}.Release|Any CPU.Build.0 = Release|Any CPU
	EndGlobalSection
	GlobalSection(SolutionProperties) = preSolution
		HideSolutionNode = FALSE
	EndGlobalSection
	GlobalSection(ExtensibilityGlobals) = postSolution
		SolutionGuid = {3E09664E-6FCA-40D9-A66B-5FFD7E81EA4D}
	EndGlobalSection
EndGlobal
